// !$*UTF8*$!
{
	archiveVersion = 1;
	classes = {
	};
	objectVersion = 50;
	objects = {

/* Begin PBXBuildFile section */
		2D1283B621A2D7660014C019 /* CustomTableViewCell.swift in Sources */ = {isa = PBXBuildFile; fileRef = 2D1283B521A2D7660014C019 /* CustomTableViewCell.swift */; };
		2D1283B821A2DC270014C019 /* Movie.swift in Sources */ = {isa = PBXBuildFile; fileRef = 2D1283B721A2DC270014C019 /* Movie.swift */; };
		2D1283BA21A3089E0014C019 /* SearchViewController.swift in Sources */ = {isa = PBXBuildFile; fileRef = 2D1283B921A3089E0014C019 /* SearchViewController.swift */; };
		2D1283BE21A414E70014C019 /* HTTPHandler.swift in Sources */ = {isa = PBXBuildFile; fileRef = 2D1283BD21A414E70014C019 /* HTTPHandler.swift */; };
		2D1283C021A4155C0014C019 /* JSONParser.swift in Sources */ = {isa = PBXBuildFile; fileRef = 2D1283BF21A4155C0014C019 /* JSONParser.swift */; };
		2D1283C221A415880014C019 /* MovieDataProcessor.swift in Sources */ = {isa = PBXBuildFile; fileRef = 2D1283C121A415880014C019 /* MovieDataProcessor.swift */; };
		2DE4537F2195D2CD00D3EF72 /* AppDelegate.swift in Sources */ = {isa = PBXBuildFile; fileRef = 2DE4537E2195D2CD00D3EF72 /* AppDelegate.swift */; };
		2DE453812195D2CD00D3EF72 /* ViewController.swift in Sources */ = {isa = PBXBuildFile; fileRef = 2DE453802195D2CD00D3EF72 /* ViewController.swift */; };
		2DE453842195D2CD00D3EF72 /* Main.storyboard in Resources */ = {isa = PBXBuildFile; fileRef = 2DE453822195D2CD00D3EF72 /* Main.storyboard */; };
		2DE453862195D2D000D3EF72 /* Assets.xcassets in Resources */ = {isa = PBXBuildFile; fileRef = 2DE453852195D2D000D3EF72 /* Assets.xcassets */; };
		2DE453892195D2D000D3EF72 /* LaunchScreen.storyboard in Resources */ = {isa = PBXBuildFile; fileRef = 2DE453872195D2D000D3EF72 /* LaunchScreen.storyboard */; };
/* End PBXBuildFile section */

/* Begin PBXFileReference section */
		2D1283B521A2D7660014C019 /* CustomTableViewCell.swift */ = {isa = PBXFileReference; lastKnownFileType = sourcecode.swift; path = CustomTableViewCell.swift; sourceTree = "<group>"; };
		2D1283B721A2DC270014C019 /* Movie.swift */ = {isa = PBXFileReference; lastKnownFileType = sourcecode.swift; path = Movie.swift; sourceTree = "<group>"; };
		2D1283B921A3089E0014C019 /* SearchViewController.swift */ = {isa = PBXFileReference; lastKnownFileType = sourcecode.swift; path = SearchViewController.swift; sourceTree = "<group>"; };
		2D1283BD21A414E70014C019 /* HTTPHandler.swift */ = {isa = PBXFileReference; lastKnownFileType = sourcecode.swift; path = HTTPHandler.swift; sourceTree = "<group>"; };
		2D1283BF21A4155C0014C019 /* JSONParser.swift */ = {isa = PBXFileReference; lastKnownFileType = sourcecode.swift; path = JSONParser.swift; sourceTree = "<group>"; };
		2D1283C121A415880014C019 /* MovieDataProcessor.swift */ = {isa = PBXFileReference; lastKnownFileType = sourcecode.swift; path = MovieDataProcessor.swift; sourceTree = "<group>"; };
		2DE4537B2195D2CD00D3EF72 /* favorite-movies-app.app */ = {isa = PBXFileReference; explicitFileType = wrapper.application; includeInIndex = 0; path = "favorite-movies-app.app"; sourceTree = BUILT_PRODUCTS_DIR; };
		2DE4537E2195D2CD00D3EF72 /* AppDelegate.swift */ = {isa = PBXFileReference; lastKnownFileType = sourcecode.swift; path = AppDelegate.swift; sourceTree = "<group>"; };
		2DE453802195D2CD00D3EF72 /* ViewController.swift */ = {isa = PBXFileReference; lastKnownFileType = sourcecode.swift; path = ViewController.swift; sourceTree = "<group>"; };
		2DE453832195D2CD00D3EF72 /* Base */ = {isa = PBXFileReference; lastKnownFileType = file.storyboard; name = Base; path = Base.lproj/Main.storyboard; sourceTree = "<group>"; };
		2DE453852195D2D000D3EF72 /* Assets.xcassets */ = {isa = PBXFileReference; lastKnownFileType = folder.assetcatalog; path = Assets.xcassets; sourceTree = "<group>"; };
		2DE453882195D2D000D3EF72 /* Base */ = {isa = PBXFileReference; lastKnownFileType = file.storyboard; name = Base; path = Base.lproj/LaunchScreen.storyboard; sourceTree = "<group>"; };
		2DE4538A2195D2D000D3EF72 /* Info.plist */ = {isa = PBXFileReference; lastKnownFileType = text.plist.xml; path = Info.plist; sourceTree = "<group>"; };
/* End PBXFileReference section */

/* Begin PBXFrameworksBuildPhase section */
		2DE453782195D2CD00D3EF72 /* Frameworks */ = {
			isa = PBXFrameworksBuildPhase;
			buildActionMask = 2147483647;
			files = (
			);
			runOnlyForDeploymentPostprocessing = 0;
		};
/* End PBXFrameworksBuildPhase section */

/* Begin PBXGroup section */
		2DE453722195D2CD00D3EF72 = {
			isa = PBXGroup;
			children = (
				2D1283C121A415880014C019 /* MovieDataProcessor.swift */,
				2D1283BF21A4155C0014C019 /* JSONParser.swift */,
				2D1283BD21A414E70014C019 /* HTTPHandler.swift */,
				2DE4537D2195D2CD00D3EF72 /* favorite-movies-app */,
				2DE4537C2195D2CD00D3EF72 /* Products */,
			);
			sourceTree = "<group>";
		};
		2DE4537C2195D2CD00D3EF72 /* Products */ = {
			isa = PBXGroup;
			children = (
				2DE4537B2195D2CD00D3EF72 /* favorite-movies-app.app */,
			);
			name = Products;
			sourceTree = "<group>";
		};
		2DE4537D2195D2CD00D3EF72 /* favorite-movies-app */ = {
			isa = PBXGroup;
			children = (
				2DE4537E2195D2CD00D3EF72 /* AppDelegate.swift */,
				2DE453802195D2CD00D3EF72 /* ViewController.swift */,
				2DE453822195D2CD00D3EF72 /* Main.storyboard */,
				2DE453852195D2D000D3EF72 /* Assets.xcassets */,
				2DE453872195D2D000D3EF72 /* LaunchScreen.storyboard */,
				2DE4538A2195D2D000D3EF72 /* Info.plist */,
				2D1283B521A2D7660014C019 /* CustomTableViewCell.swift */,
				2D1283B721A2DC270014C019 /* Movie.swift */,
				2D1283B921A3089E0014C019 /* SearchViewController.swift */,
			);
			path = "favorite-movies-app";
			sourceTree = "<group>";
		};
/* End PBXGroup section */

/* Begin PBXNativeTarget section */
		2DE4537A2195D2CD00D3EF72 /* favorite-movies-app */ = {
			isa = PBXNativeTarget;
			buildConfigurationList = 2DE4538D2195D2D000D3EF72 /* Build configuration list for PBXNativeTarget "favorite-movies-app" */;
			buildPhases = (
				2DE453772195D2CD00D3EF72 /* Sources */,
				2DE453782195D2CD00D3EF72 /* Frameworks */,
				2DE453792195D2CD00D3EF72 /* Resources */,
			);
			buildRules = (
			);
			dependencies = (
			);
			name = "favorite-movies-app";
			productName = "favorite-movies-app";
			productReference = 2DE4537B2195D2CD00D3EF72 /* favorite-movies-app.app */;
			productType = "com.apple.product-type.application";
		};
/* End PBXNativeTarget section */

/* Begin PBXProject section */
		2DE453732195D2CD00D3EF72 /* Project object */ = {
			isa = PBXProject;
			attributes = {
				LastSwiftUpdateCheck = 1010;
				LastUpgradeCheck = 1010;
				ORGANIZATIONNAME = McGoohan;
				TargetAttributes = {
					2DE4537A2195D2CD00D3EF72 = {
						CreatedOnToolsVersion = 10.1;
					};
				};
			};
			buildConfigurationList = 2DE453762195D2CD00D3EF72 /* Build configuration list for PBXProject "favorite-movies-app" */;
			compatibilityVersion = "Xcode 9.3";
			developmentRegion = en;
			hasScannedForEncodings = 0;
			knownRegions = (
				en,
				Base,
			);
			mainGroup = 2DE453722195D2CD00D3EF72;
			productRefGroup = 2DE4537C2195D2CD00D3EF72 /* Products */;
			projectDirPath = "";
			projectRoot = "";
			targets = (
				2DE4537A2195D2CD00D3EF72 /* favorite-movies-app */,
			);
		};
/* End PBXProject section */

/* Begin PBXResourcesBuildPhase section */
		2DE453792195D2CD00D3EF72 /* Resources */ = {
			isa = PBXResourcesBuildPhase;
			buildActionMask = 2147483647;
			files = (
				2DE453892195D2D000D3EF72 /* LaunchScreen.storyboard in Resources */,
				2DE453862195D2D000D3EF72 /* Assets.xcassets in Resources */,
				2DE453842195D2CD00D3EF72 /* Main.storyboard in Resources */,
			);
			runOnlyForDeploymentPostprocessing = 0;
		};
/* End PBXResourcesBuildPhase section */

/* Begin PBXSourcesBuildPhase section */
		2DE453772195D2CD00D3EF72 /* Sources */ = {
			isa = PBXSourcesBuildPhase;
			buildActionMask = 2147483647;
			files = (
				2D1283BA21A3089E0014C019 /* SearchViewController.swift in Sources */,
				2D1283B621A2D7660014C019 /* CustomTableViewCell.swift in Sources */,
				2D1283C021A4155C0014C019 /* JSONParser.swift in Sources */,
				2DE453812195D2CD00D3EF72 /* ViewController.swift in Sources */,
				2D1283B821A2DC270014C019 /* Movie.swift in Sources */,
				2D1283C221A415880014C019 /* MovieDataProcessor.swift in Sources */,
				2D1283BE21A414E70014C019 /* HTTPHandler.swift in Sources */,
				2DE4537F2195D2CD00D3EF72 /* AppDelegate.swift in Sources */,
			);
			runOnlyForDeploymentPostprocessing = 0;
		};
/* End PBXSourcesBuildPhase section */

/* Begin PBXVariantGroup section */
		2DE453822195D2CD00D3EF72 /* Main.storyboard */ = {
			isa = PBXVariantGroup;
			children = (
				2DE453832195D2CD00D3EF72 /* Base */,
			);
			name = Main.storyboard;
			sourceTree = "<group>";
		};
		2DE453872195D2D000D3EF72 /* LaunchScreen.storyboard */ = {
			isa = PBXVariantGroup;
			children = (
				2DE453882195D2D000D3EF72 /* Base */,
			);
			name = LaunchScreen.storyboard;
			sourceTree = "<group>";
		};
/* End PBXVariantGroup section */

/* Begin XCBuildConfiguration section */
		2DE4538B2195D2D000D3EF72 /* Debug */ = {
			isa = XCBuildConfiguration;
			buildSettings = {
				ALWAYS_SEARCH_USER_PATHS = NO;
				CLANG_ANALYZER_NONNULL = YES;
				CLANG_ANALYZER_NUMBER_OBJECT_CONVERSION = YES_AGGRESSIVE;
				CLANG_CXX_LANGUAGE_STANDARD = "gnu++14";
				CLANG_CXX_LIBRARY = "libc++";
				CLANG_ENABLE_MODULES = YES;
				CLANG_ENABLE_OBJC_ARC = YES;
				CLANG_ENABLE_OBJC_WEAK = YES;
				CLANG_WARN_BLOCK_CAPTURE_AUTORELEASING = YES;
				CLANG_WARN_BOOL_CONVERSION = YES;
				CLANG_WARN_COMMA = YES;
				CLANG_WARN_CONSTANT_CONVERSION = YES;
				CLANG_WARN_DEPRECATED_OBJC_IMPLEMENTATIONS = YES;
				CLANG_WARN_DIRECT_OBJC_ISA_USAGE = YES_ERROR;
				CLANG_WARN_DOCUMENTATION_COMMENTS = YES;
				CLANG_WARN_EMPTY_BODY = YES;
				CLANG_WARN_ENUM_CONVERSION = YES;
				CLANG_WARN_INFINITE_RECURSION = YES;
				CLANG_WARN_INT_CONVERSION = YES;
				CLANG_WARN_NON_LITERAL_NULL_CONVERSION = YES;
				CLANG_WARN_OBJC_IMPLICIT_RETAIN_SELF = YES;
				CLANG_WARN_OBJC_LITERAL_CONVERSION = YES;
				CLANG_WARN_OBJC_ROOT_CLASS = YES_ERROR;
				CLANG_WARN_RANGE_LOOP_ANALYSIS = YES;
				CLANG_WARN_STRICT_PROTOTYPES = YES;
				CLANG_WARN_SUSPICIOUS_MOVE = YES;
				CLANG_WARN_UNGUARDED_AVAILABILITY = YES_AGGRESSIVE;
				CLANG_WARN_UNREACHABLE_CODE = YES;
				CLANG_WARN__DUPLICATE_METHOD_MATCH = YES;
				CODE_SIGN_IDENTITY = "iPhone Developer";
				COPY_PHASE_STRIP = NO;
				DEBUG_INFORMATION_FORMAT = dwarf;
				ENABLE_STRICT_OBJC_MSGSEND = YES;
				ENABLE_TESTABILITY = YES;
				GCC_C_LANGUAGE_STANDARD = gnu11;
				GCC_DYNAMIC_NO_PIC = NO;
				GCC_NO_COMMON_BLOCKS = YES;
				GCC_OPTIMIZATION_LEVEL = 0;
				GCC_PREPROCESSOR_DEFINITIONS = (
					"DEBUG=1",
					"$(inherited)",
				);
				GCC_WARN_64_TO_32_BIT_CONVERSION = YES;
				GCC_WARN_ABOUT_RETURN_TYPE = YES_ERROR;
				GCC_WARN_UNDECLARED_SELECTOR = YES;
				GCC_WARN_UNINITIALIZED_AUTOS = YES_AGGRESSIVE;
				GCC_WARN_UNUSED_FUNCTION = YES;
				GCC_WARN_UNUSED_VARIABLE = YES;
				IPHONEOS_DEPLOYMENT_TARGET = 12.1;
				MTL_ENABLE_DEBUG_INFO = INCLUDE_SOURCE;
				MTL_FAST_MATH = YES;
				ONLY_ACTIVE_ARCH = YES;
				SDKROOT = iphoneos;
				SWIFT_ACTIVE_COMPILATION_CONDITIONS = DEBUG;
				SWIFT_OPTIMIZATION_LEVEL = "-Onone";
			};
			name = Debug;
		};
		2DE4538C2195D2D000D3EF72 /* Release */ = {
			isa = XCBuildConfiguration;
			buildSettings = {
				ALWAYS_SEARCH_USER_PATHS = NO;
				CLANG_ANALYZER_NONNULL = YES;
				CLANG_ANALYZER_NUMBER_OBJECT_CONVERSION = YES_AGGRESSIVE;
				CLANG_CXX_LANGUAGE_STANDARD = "gnu++14";
				CLANG_CXX_LIBRARY = "libc++";
				CLANG_ENABLE_MODULES = YES;
				CLANG_ENABLE_OBJC_ARC = YES;
				CLANG_ENABLE_OBJC_WEAK = YES;
				CLANG_WARN_BLOCK_CAPTURE_AUTORELEASING = YES;
				CLANG_WARN_BOOL_CONVERSION = YES;
				CLANG_WARN_COMMA = YES;
				CLANG_WARN_CONSTANT_CONVERSION = YES;
				CLANG_WARN_DEPRECATED_OBJC_IMPLEMENTATIONS = YES;
				CLANG_WARN_DIRECT_OBJC_ISA_USAGE = YES_ERROR;
				CLANG_WARN_DOCUMENTATION_COMMENTS = YES;
				CLANG_WARN_EMPTY_BODY = YES;
				CLANG_WARN_ENUM_CONVERSION = YES;
				CLANG_WARN_INFINITE_RECURSION = YES;
				CLANG_WARN_INT_CONVERSION = YES;
				CLANG_WARN_NON_LITERAL_NULL_CONVERSION = YES;
				CLANG_WARN_OBJC_IMPLICIT_RETAIN_SELF = YES;
				CLANG_WARN_OBJC_LITERAL_CONVERSION = YES;
				CLANG_WARN_OBJC_ROOT_CLASS = YES_ERROR;
				CLANG_WARN_RANGE_LOOP_ANALYSIS = YES;
				CLANG_WARN_STRICT_PROTOTYPES = YES;
				CLANG_WARN_SUSPICIOUS_MOVE = YES;
				CLANG_WARN_UNGUARDED_AVAILABILITY = YES_AGGRESSIVE;
				CLANG_WARN_UNREACHABLE_CODE = YES;
				CLANG_WARN__DUPLICATE_METHOD_MATCH = YES;
				CODE_SIGN_IDENTITY = "iPhone Developer";
				COPY_PHASE_STRIP = NO;
				DEBUG_INFORMATION_FORMAT = "dwarf-with-dsym";
				ENABLE_NS_ASSERTIONS = NO;
				ENABLE_STRICT_OBJC_MSGSEND = YES;
				GCC_C_LANGUAGE_STANDARD = gnu11;
				GCC_NO_COMMON_BLOCKS = YES;
				GCC_WARN_64_TO_32_BIT_CONVERSION = YES;
				GCC_WARN_ABOUT_RETURN_TYPE = YES_ERROR;
				GCC_WARN_UNDECLARED_SELECTOR = YES;
				GCC_WARN_UNINITIALIZED_AUTOS = YES_AGGRESSIVE;
				GCC_WARN_UNUSED_FUNCTION = YES;
				GCC_WARN_UNUSED_VARIABLE = YES;
				IPHONEOS_DEPLOYMENT_TARGET = 12.1;
				MTL_ENABLE_DEBUG_INFO = NO;
				MTL_FAST_MATH = YES;
				SDKROOT = iphoneos;
				SWIFT_COMPILATION_MODE = wholemodule;
				SWIFT_OPTIMIZATION_LEVEL = "-O";
				VALIDATE_PRODUCT = YES;
			};
			name = Release;
		};
		2DE4538E2195D2D000D3EF72 /* Debug */ = {
			isa = XCBuildConfiguration;
			buildSettings = {
				ASSETCATALOG_COMPILER_APPICON_NAME = AppIcon;
				CODE_SIGN_STYLE = Automatic;
				INFOPLIST_FILE = "favorite-movies-app/Info.plist";
				LD_RUNPATH_SEARCH_PATHS = (
					"$(inherited)",
					"@executable_path/Frameworks",
				);
				PRODUCT_BUNDLE_IDENTIFIER = "net.mcgoohan.favorite-movies-app";
				PRODUCT_NAME = "$(TARGET_NAME)";
				SWIFT_VERSION = 4.2;
				TARGETED_DEVICE_FAMILY = "1,2";
			};
			name = Debug;
		};
		2DE4538F2195D2D000D3EF72 /* Release */ = {
			isa = XCBuildConfiguration;
			buildSettings = {
				ASSETCATALOG_COMPILER_APPICON_NAME = AppIcon;
				CODE_SIGN_STYLE = Automatic;
				INFOPLIST_FILE = "favorite-movies-app/Info.plist";
				LD_RUNPATH_SEARCH_PATHS = (
					"$(inherited)",
					"@executable_path/Frameworks",
				);
				PRODUCT_BUNDLE_IDENTIFIER = "net.mcgoohan.favorite-movies-app";
				PRODUCT_NAME = "$(TARGET_NAME)";
				SWIFT_VERSION = 4.2;
				TARGETED_DEVICE_FAMILY = "1,2";
			};
			name = Release;
		};
/* End XCBuildConfiguration section */

/* Begin XCConfigurationList section */
		2DE453762195D2CD00D3EF72 /* Build configuration list for PBXProject "favorite-movies-app" */ = {
			isa = XCConfigurationList;
			buildConfigurations = (
				2DE4538B2195D2D000D3EF72 /* Debug */,
				2DE4538C2195D2D000D3EF72 /* Release */,
			);
			defaultConfigurationIsVisible = 0;
			defaultConfigurationName = Release;
		};
		2DE4538D2195D2D000D3EF72 /* Build configuration list for PBXNativeTarget "favorite-movies-app" */ = {
			isa = XCConfigurationList;
			buildConfigurations = (
				2DE4538E2195D2D000D3EF72 /* Debug */,
				2DE4538F2195D2D000D3EF72 /* Release */,
			);
			defaultConfigurationIsVisible = 0;
			defaultConfigurationName = Release;
		};
/* End XCConfigurationList section */
	};
	rootObject = 2DE453732195D2CD00D3EF72 /* Project object */;
}
